
Microsoft Visual Studio Solution File, Format Version 12.00
# Visual Studio Version 17
VisualStudioVersion = 17.0.31903.59
MinimumVisualStudioVersion = 10.0.40219.1
Project("{9A19103F-16F7-4668-BE54-9A1E7A4F7556}") = "area-data", "area-data.csproj", "{11B17E20-713F-419A-91EA-4A8662C01796}"
EndProject
Global
	GlobalSection(SolutionConfigurationPlatforms) = preSolution
		Debug|Any CPU = Debug|Any CPU
		Release|Any CPU = Release|Any CPU
	EndGlobalSection
	GlobalSection(ProjectConfigurationPlatforms) = postSolution
		{11B17E20-713F-419A-91EA-4A8662C01796}.Debug|Any CPU.ActiveCfg = Debug|Any CPU
		{11B17E20-713F-419A-91EA-4A8662C01796}.Debug|Any CPU.Build.0 = Debug|Any CPU
		{11B17E20-713F-419A-91EA-4A8662C01796}.Release|Any CPU.ActiveCfg = Release|Any CPU
		{11B17E20-713F-419A-91EA-4A8662C01796}.Release|Any CPU.Build.0 = Release|Any CPU
	EndGlobalSection
	GlobalSection(SolutionProperties) = preSolution
		HideSolutionNode = FALSE
	EndGlobalSection
	GlobalSection(ExtensibilityGlobals) = postSolution
		SolutionGuid = {DCB1AF35-5B4F-4880-AB14-716C45689678}
	EndGlobalSection
EndGlobal
